// !$*UTF8*$!
{
	archiveVersion = 1;
	classes = {
	};
	objectVersion = 46;
	objects = {

/* Begin PBXBuildFile section */
		ECF8D8F01ED817A900E5D6E5 /* AppDelegate.swift in Sources */ = {isa = PBXBuildFile; fileRef = ECF8D8EF1ED817A900E5D6E5 /* AppDelegate.swift */; };
		ECF8D8F21ED817A900E5D6E5 /* ViewController.swift in Sources */ = {isa = PBXBuildFile; fileRef = ECF8D8F11ED817A900E5D6E5 /* ViewController.swift */; };
		ECF8D8F51ED817A900E5D6E5 /* Main.storyboard in Resources */ = {isa = PBXBuildFile; fileRef = ECF8D8F31ED817A900E5D6E5 /* Main.storyboard */; };
		ECF8D8F71ED817A900E5D6E5 /* Assets.xcassets in Resources */ = {isa = PBXBuildFile; fileRef = ECF8D8F61ED817A900E5D6E5 /* Assets.xcassets */; };
		ECF8D8FA1ED817A900E5D6E5 /* LaunchScreen.storyboard in Resources */ = {isa = PBXBuildFile; fileRef = ECF8D8F81ED817A900E5D6E5 /* LaunchScreen.storyboard */; };
		ECF8D9051ED817AA00E5D6E5 /* protocol_oriented_mvvmTests.swift in Sources */ = {isa = PBXBuildFile; fileRef = ECF8D9041ED817AA00E5D6E5 /* protocol_oriented_mvvmTests.swift */; };
		ECF8D9101ED817AA00E5D6E5 /* protocol_oriented_mvvmUITests.swift in Sources */ = {isa = PBXBuildFile; fileRef = ECF8D90F1ED817AA00E5D6E5 /* protocol_oriented_mvvmUITests.swift */; };
/* End PBXBuildFile section */

/* Begin PBXContainerItemProxy section */
		ECF8D9011ED817AA00E5D6E5 /* PBXContainerItemProxy */ = {
			isa = PBXContainerItemProxy;
			containerPortal = ECF8D8E41ED817A900E5D6E5 /* Project object */;
			proxyType = 1;
			remoteGlobalIDString = ECF8D8EB1ED817A900E5D6E5;
			remoteInfo = "protocol-oriented-mvvm";
		};
		ECF8D90C1ED817AA00E5D6E5 /* PBXContainerItemProxy */ = {
			isa = PBXContainerItemProxy;
			containerPortal = ECF8D8E41ED817A900E5D6E5 /* Project object */;
			proxyType = 1;
			remoteGlobalIDString = ECF8D8EB1ED817A900E5D6E5;
			remoteInfo = "protocol-oriented-mvvm";
		};
/* End PBXContainerItemProxy section */

/* Begin PBXFileReference section */
		ECF8D8EC1ED817A900E5D6E5 /* protocol-oriented-mvvm.app */ = {isa = PBXFileReference; explicitFileType = wrapper.application; includeInIndex = 0; path = "protocol-oriented-mvvm.app"; sourceTree = BUILT_PRODUCTS_DIR; };
		ECF8D8EF1ED817A900E5D6E5 /* AppDelegate.swift */ = {isa = PBXFileReference; lastKnownFileType = sourcecode.swift; path = AppDelegate.swift; sourceTree = "<group>"; };
		ECF8D8F11ED817A900E5D6E5 /* ViewController.swift */ = {isa = PBXFileReference; lastKnownFileType = sourcecode.swift; path = ViewController.swift; sourceTree = "<group>"; };
		ECF8D8F41ED817A900E5D6E5 /* Base */ = {isa = PBXFileReference; lastKnownFileType = file.storyboard; name = Base; path = Base.lproj/Main.storyboard; sourceTree = "<group>"; };
		ECF8D8F61ED817A900E5D6E5 /* Assets.xcassets */ = {isa = PBXFileReference; lastKnownFileType = folder.assetcatalog; path = Assets.xcassets; sourceTree = "<group>"; };
		ECF8D8F91ED817A900E5D6E5 /* Base */ = {isa = PBXFileReference; lastKnownFileType = file.storyboard; name = Base; path = Base.lproj/LaunchScreen.storyboard; sourceTree = "<group>"; };
		ECF8D8FB1ED817A900E5D6E5 /* Info.plist */ = {isa = PBXFileReference; lastKnownFileType = text.plist.xml; path = Info.plist; sourceTree = "<group>"; };
		ECF8D9001ED817AA00E5D6E5 /* protocol-oriented-mvvmTests.xctest */ = {isa = PBXFileReference; explicitFileType = wrapper.cfbundle; includeInIndex = 0; path = "protocol-oriented-mvvmTests.xctest"; sourceTree = BUILT_PRODUCTS_DIR; };
		ECF8D9041ED817AA00E5D6E5 /* protocol_oriented_mvvmTests.swift */ = {isa = PBXFileReference; lastKnownFileType = sourcecode.swift; path = protocol_oriented_mvvmTests.swift; sourceTree = "<group>"; };
		ECF8D9061ED817AA00E5D6E5 /* Info.plist */ = {isa = PBXFileReference; lastKnownFileType = text.plist.xml; path = Info.plist; sourceTree = "<group>"; };
		ECF8D90B1ED817AA00E5D6E5 /* protocol-oriented-mvvmUITests.xctest */ = {isa = PBXFileReference; explicitFileType = wrapper.cfbundle; includeInIndex = 0; path = "protocol-oriented-mvvmUITests.xctest"; sourceTree = BUILT_PRODUCTS_DIR; };
		ECF8D90F1ED817AA00E5D6E5 /* protocol_oriented_mvvmUITests.swift */ = {isa = PBXFileReference; lastKnownFileType = sourcecode.swift; path = protocol_oriented_mvvmUITests.swift; sourceTree = "<group>"; };
		ECF8D9111ED817AA00E5D6E5 /* Info.plist */ = {isa = PBXFileReference; lastKnownFileType = text.plist.xml; path = Info.plist; sourceTree = "<group>"; };
/* End PBXFileReference section */

/* Begin PBXFrameworksBuildPhase section */
		ECF8D8E91ED817A900E5D6E5 /* Frameworks */ = {
			isa = PBXFrameworksBuildPhase;
			buildActionMask = 2147483647;
			files = (
			);
			runOnlyForDeploymentPostprocessing = 0;
		};
		ECF8D8FD1ED817AA00E5D6E5 /* Frameworks */ = {
			isa = PBXFrameworksBuildPhase;
			buildActionMask = 2147483647;
			files = (
			);
			runOnlyForDeploymentPostprocessing = 0;
		};
		ECF8D9081ED817AA00E5D6E5 /* Frameworks */ = {
			isa = PBXFrameworksBuildPhase;
			buildActionMask = 2147483647;
			files = (
			);
			runOnlyForDeploymentPostprocessing = 0;
		};
/* End PBXFrameworksBuildPhase section */

/* Begin PBXGroup section */
		ECF8D8E31ED817A900E5D6E5 = {
			isa = PBXGroup;
			children = (
				ECF8D8EE1ED817A900E5D6E5 /* protocol-oriented-mvvm */,
				ECF8D9031ED817AA00E5D6E5 /* protocol-oriented-mvvmTests */,
				ECF8D90E1ED817AA00E5D6E5 /* protocol-oriented-mvvmUITests */,
				ECF8D8ED1ED817A900E5D6E5 /* Products */,
			);
			sourceTree = "<group>";
		};
		ECF8D8ED1ED817A900E5D6E5 /* Products */ = {
			isa = PBXGroup;
			children = (
				ECF8D8EC1ED817A900E5D6E5 /* protocol-oriented-mvvm.app */,
				ECF8D9001ED817AA00E5D6E5 /* protocol-oriented-mvvmTests.xctest */,
				ECF8D90B1ED817AA00E5D6E5 /* protocol-oriented-mvvmUITests.xctest */,
			);
			name = Products;
			sourceTree = "<group>";
		};
		ECF8D8EE1ED817A900E5D6E5 /* protocol-oriented-mvvm */ = {
			isa = PBXGroup;
			children = (
				ECF8D8EF1ED817A900E5D6E5 /* AppDelegate.swift */,
				ECF8D8F11ED817A900E5D6E5 /* ViewController.swift */,
				ECF8D8F31ED817A900E5D6E5 /* Main.storyboard */,
				ECF8D8F61ED817A900E5D6E5 /* Assets.xcassets */,
				ECF8D8F81ED817A900E5D6E5 /* LaunchScreen.storyboard */,
				ECF8D8FB1ED817A900E5D6E5 /* Info.plist */,
			);
			path = "protocol-oriented-mvvm";
			sourceTree = "<group>";
		};
		ECF8D9031ED817AA00E5D6E5 /* protocol-oriented-mvvmTests */ = {
			isa = PBXGroup;
			children = (
				ECF8D9041ED817AA00E5D6E5 /* protocol_oriented_mvvmTests.swift */,
				ECF8D9061ED817AA00E5D6E5 /* Info.plist */,
			);
			path = "protocol-oriented-mvvmTests";
			sourceTree = "<group>";
		};
		ECF8D90E1ED817AA00E5D6E5 /* protocol-oriented-mvvmUITests */ = {
			isa = PBXGroup;
			children = (
				ECF8D90F1ED817AA00E5D6E5 /* protocol_oriented_mvvmUITests.swift */,
				ECF8D9111ED817AA00E5D6E5 /* Info.plist */,
			);
			path = "protocol-oriented-mvvmUITests";
			sourceTree = "<group>";
		};
/* End PBXGroup section */

/* Begin PBXNativeTarget section */
		ECF8D8EB1ED817A900E5D6E5 /* protocol-oriented-mvvm */ = {
			isa = PBXNativeTarget;
			buildConfigurationList = ECF8D9141ED817AA00E5D6E5 /* Build configuration list for PBXNativeTarget "protocol-oriented-mvvm" */;
			buildPhases = (
				ECF8D8E81ED817A900E5D6E5 /* Sources */,
				ECF8D8E91ED817A900E5D6E5 /* Frameworks */,
				ECF8D8EA1ED817A900E5D6E5 /* Resources */,
			);
			buildRules = (
			);
			dependencies = (
			);
			name = "protocol-oriented-mvvm";
			productName = "protocol-oriented-mvvm";
			productReference = ECF8D8EC1ED817A900E5D6E5 /* protocol-oriented-mvvm.app */;
			productType = "com.apple.product-type.application";
		};
		ECF8D8FF1ED817AA00E5D6E5 /* protocol-oriented-mvvmTests */ = {
			isa = PBXNativeTarget;
			buildConfigurationList = ECF8D9171ED817AA00E5D6E5 /* Build configuration list for PBXNativeTarget "protocol-oriented-mvvmTests" */;
			buildPhases = (
				ECF8D8FC1ED817AA00E5D6E5 /* Sources */,
				ECF8D8FD1ED817AA00E5D6E5 /* Frameworks */,
				ECF8D8FE1ED817AA00E5D6E5 /* Resources */,
			);
			buildRules = (
			);
			dependencies = (
				ECF8D9021ED817AA00E5D6E5 /* PBXTargetDependency */,
			);
			name = "protocol-oriented-mvvmTests";
			productName = "protocol-oriented-mvvmTests";
			productReference = ECF8D9001ED817AA00E5D6E5 /* protocol-oriented-mvvmTests.xctest */;
			productType = "com.apple.product-type.bundle.unit-test";
		};
		ECF8D90A1ED817AA00E5D6E5 /* protocol-oriented-mvvmUITests */ = {
			isa = PBXNativeTarget;
			buildConfigurationList = ECF8D91A1ED817AA00E5D6E5 /* Build configuration list for PBXNativeTarget "protocol-oriented-mvvmUITests" */;
			buildPhases = (
				ECF8D9071ED817AA00E5D6E5 /* Sources */,
				ECF8D9081ED817AA00E5D6E5 /* Frameworks */,
				ECF8D9091ED817AA00E5D6E5 /* Resources */,
			);
			buildRules = (
			);
			dependencies = (
				ECF8D90D1ED817AA00E5D6E5 /* PBXTargetDependency */,
			);
			name = "protocol-oriented-mvvmUITests";
			productName = "protocol-oriented-mvvmUITests";
			productReference = ECF8D90B1ED817AA00E5D6E5 /* protocol-oriented-mvvmUITests.xctest */;
			productType = "com.apple.product-type.bundle.ui-testing";
		};
/* End PBXNativeTarget section */

/* Begin PBXProject section */
		ECF8D8E41ED817A900E5D6E5 /* Project object */ = {
			isa = PBXProject;
			attributes = {
				LastSwiftUpdateCheck = 0830;
				LastUpgradeCheck = 0830;
				ORGANIZATIONNAME = tangyuhua;
				TargetAttributes = {
					ECF8D8EB1ED817A900E5D6E5 = {
						CreatedOnToolsVersion = 8.3.2;
						DevelopmentTeam = 4BADWEEE97;
						ProvisioningStyle = Automatic;
					};
					ECF8D8FF1ED817AA00E5D6E5 = {
						CreatedOnToolsVersion = 8.3.2;
						DevelopmentTeam = 4BADWEEE97;
						ProvisioningStyle = Automatic;
						TestTargetID = ECF8D8EB1ED817A900E5D6E5;
					};
					ECF8D90A1ED817AA00E5D6E5 = {
						CreatedOnToolsVersion = 8.3.2;
						DevelopmentTeam = 4BADWEEE97;
						ProvisioningStyle = Automatic;
						TestTargetID = ECF8D8EB1ED817A900E5D6E5;
					};
				};
			};
			buildConfigurationList = ECF8D8E71ED817A900E5D6E5 /* Build configuration list for PBXProject "protocol-oriented-mvvm" */;
			compatibilityVersion = "Xcode 3.2";
			developmentRegion = English;
			hasScannedForEncodings = 0;
			knownRegions = (
				en,
				Base,
			);
			mainGroup = ECF8D8E31ED817A900E5D6E5;
			productRefGroup = ECF8D8ED1ED817A900E5D6E5 /* Products */;
			projectDirPath = "";
			projectRoot = "";
			targets = (
				ECF8D8EB1ED817A900E5D6E5 /* protocol-oriented-mvvm */,
				ECF8D8FF1ED817AA00E5D6E5 /* protocol-oriented-mvvmTests */,
				ECF8D90A1ED817AA00E5D6E5 /* protocol-oriented-mvvmUITests */,
			);
		};
/* End PBXProject section */

/* Begin PBXResourcesBuildPhase section */
		ECF8D8EA1ED817A900E5D6E5 /* Resources */ = {
			isa = PBXResourcesBuildPhase;
			buildActionMask = 2147483647;
			files = (
				ECF8D8FA1ED817A900E5D6E5 /* LaunchScreen.storyboard in Resources */,
				ECF8D8F71ED817A900E5D6E5 /* Assets.xcassets in Resources */,
				ECF8D8F51ED817A900E5D6E5 /* Main.storyboard in Resources */,
			);
			runOnlyForDeploymentPostprocessing = 0;
		};
		ECF8D8FE1ED817AA00E5D6E5 /* Resources */ = {
			isa = PBXResourcesBuildPhase;
			buildActionMask = 2147483647;
			files = (
			);
			runOnlyForDeploymentPostprocessing = 0;
		};
		ECF8D9091ED817AA00E5D6E5 /* Resources */ = {
			isa = PBXResourcesBuildPhase;
			buildActionMask = 2147483647;
			files = (
			);
			runOnlyForDeploymentPostprocessing = 0;
		};
/* End PBXResourcesBuildPhase section */

/* Begin PBXSourcesBuildPhase section */
		ECF8D8E81ED817A900E5D6E5 /* Sources */ = {
			isa = PBXSourcesBuildPhase;
			buildActionMask = 2147483647;
			files = (
				ECF8D8F21ED817A900E5D6E5 /* ViewController.swift in Sources */,
				ECF8D8F01ED817A900E5D6E5 /* AppDelegate.swift in Sources */,
			);
			runOnlyForDeploymentPostprocessing = 0;
		};
		ECF8D8FC1ED817AA00E5D6E5 /* Sources */ = {
			isa = PBXSourcesBuildPhase;
			buildActionMask = 2147483647;
			files = (
				ECF8D9051ED817AA00E5D6E5 /* protocol_oriented_mvvmTests.swift in Sources */,
			);
			runOnlyForDeploymentPostprocessing = 0;
		};
		ECF8D9071ED817AA00E5D6E5 /* Sources */ = {
			isa = PBXSourcesBuildPhase;
			buildActionMask = 2147483647;
			files = (
				ECF8D9101ED817AA00E5D6E5 /* protocol_oriented_mvvmUITests.swift in Sources */,
			);
			runOnlyForDeploymentPostprocessing = 0;
		};
/* End PBXSourcesBuildPhase section */

/* Begin PBXTargetDependency section */
		ECF8D9021ED817AA00E5D6E5 /* PBXTargetDependency */ = {
			isa = PBXTargetDependency;
			target = ECF8D8EB1ED817A900E5D6E5 /* protocol-oriented-mvvm */;
			targetProxy = ECF8D9011ED817AA00E5D6E5 /* PBXContainerItemProxy */;
		};
		ECF8D90D1ED817AA00E5D6E5 /* PBXTargetDependency */ = {
			isa = PBXTargetDependency;
			target = ECF8D8EB1ED817A900E5D6E5 /* protocol-oriented-mvvm */;
			targetProxy = ECF8D90C1ED817AA00E5D6E5 /* PBXContainerItemProxy */;
		};
/* End PBXTargetDependency section */

/* Begin PBXVariantGroup section */
		ECF8D8F31ED817A900E5D6E5 /* Main.storyboard */ = {
			isa = PBXVariantGroup;
			children = (
				ECF8D8F41ED817A900E5D6E5 /* Base */,
			);
			name = Main.storyboard;
			sourceTree = "<group>";
		};
		ECF8D8F81ED817A900E5D6E5 /* LaunchScreen.storyboard */ = {
			isa = PBXVariantGroup;
			children = (
				ECF8D8F91ED817A900E5D6E5 /* Base */,
			);
			name = LaunchScreen.storyboard;
			sourceTree = "<group>";
		};
/* End PBXVariantGroup section */

/* Begin XCBuildConfiguration section */
		ECF8D9121ED817AA00E5D6E5 /* Debug */ = {
			isa = XCBuildConfiguration;
			buildSettings = {
				ALWAYS_SEARCH_USER_PATHS = NO;
				CLANG_ANALYZER_NONNULL = YES;
				CLANG_ANALYZER_NUMBER_OBJECT_CONVERSION = YES_AGGRESSIVE;
				CLANG_CXX_LANGUAGE_STANDARD = "gnu++0x";
				CLANG_CXX_LIBRARY = "libc++";
				CLANG_ENABLE_MODULES = YES;
				CLANG_ENABLE_OBJC_ARC = YES;
				CLANG_WARN_BOOL_CONVERSION = YES;
				CLANG_WARN_CONSTANT_CONVERSION = YES;
				CLANG_WARN_DIRECT_OBJC_ISA_USAGE = YES_ERROR;
				CLANG_WARN_DOCUMENTATION_COMMENTS = YES;
				CLANG_WARN_EMPTY_BODY = YES;
				CLANG_WARN_ENUM_CONVERSION = YES;
				CLANG_WARN_INFINITE_RECURSION = YES;
				CLANG_WARN_INT_CONVERSION = YES;
				CLANG_WARN_OBJC_ROOT_CLASS = YES_ERROR;
				CLANG_WARN_SUSPICIOUS_MOVE = YES;
				CLANG_WARN_UNREACHABLE_CODE = YES;
				CLANG_WARN__DUPLICATE_METHOD_MATCH = YES;
				"CODE_SIGN_IDENTITY[sdk=iphoneos*]" = "iPhone Developer";
				COPY_PHASE_STRIP = NO;
				DEBUG_INFORMATION_FORMAT = dwarf;
				ENABLE_STRICT_OBJC_MSGSEND = YES;
				ENABLE_TESTABILITY = YES;
				GCC_C_LANGUAGE_STANDARD = gnu99;
				GCC_DYNAMIC_NO_PIC = NO;
				GCC_NO_COMMON_BLOCKS = YES;
				GCC_OPTIMIZATION_LEVEL = 0;
				GCC_PREPROCESSOR_DEFINITIONS = (
					"DEBUG=1",
					"$(inherited)",
				);
				GCC_WARN_64_TO_32_BIT_CONVERSION = YES;
				GCC_WARN_ABOUT_RETURN_TYPE = YES_ERROR;
				GCC_WARN_UNDECLARED_SELECTOR = YES;
				GCC_WARN_UNINITIALIZED_AUTOS = YES_AGGRESSIVE;
				GCC_WARN_UNUSED_FUNCTION = YES;
				GCC_WARN_UNUSED_VARIABLE = YES;
				IPHONEOS_DEPLOYMENT_TARGET = 10.3;
				MTL_ENABLE_DEBUG_INFO = YES;
				ONLY_ACTIVE_ARCH = YES;
				SDKROOT = iphoneos;
				SWIFT_ACTIVE_COMPILATION_CONDITIONS = DEBUG;
				SWIFT_OPTIMIZATION_LEVEL = "-Onone";
			};
			name = Debug;
		};
		ECF8D9131ED817AA00E5D6E5 /* Release */ = {
			isa = XCBuildConfiguration;
			buildSettings = {
				ALWAYS_SEARCH_USER_PATHS = NO;
				CLANG_ANALYZER_NONNULL = YES;
				CLANG_ANALYZER_NUMBER_OBJECT_CONVERSION = YES_AGGRESSIVE;
				CLANG_CXX_LANGUAGE_STANDARD = "gnu++0x";
				CLANG_CXX_LIBRARY = "libc++";
				CLANG_ENABLE_MODULES = YES;
				CLANG_ENABLE_OBJC_ARC = YES;
				CLANG_WARN_BOOL_CONVERSION = YES;
				CLANG_WARN_CONSTANT_CONVERSION = YES;
				CLANG_WARN_DIRECT_OBJC_ISA_USAGE = YES_ERROR;
				CLANG_WARN_DOCUMENTATION_COMMENTS = YES;
				CLANG_WARN_EMPTY_BODY = YES;
				CLANG_WARN_ENUM_CONVERSION = YES;
				CLANG_WARN_INFINITE_RECURSION = YES;
				CLANG_WARN_INT_CONVERSION = YES;
				CLANG_WARN_OBJC_ROOT_CLASS = YES_ERROR;
				CLANG_WARN_SUSPICIOUS_MOVE = YES;
				CLANG_WARN_UNREACHABLE_CODE = YES;
				CLANG_WARN__DUPLICATE_METHOD_MATCH = YES;
				"CODE_SIGN_IDENTITY[sdk=iphoneos*]" = "iPhone Developer";
				COPY_PHASE_STRIP = NO;
				DEBUG_INFORMATION_FORMAT = "dwarf-with-dsym";
				ENABLE_NS_ASSERTIONS = NO;
				ENABLE_STRICT_OBJC_MSGSEND = YES;
				GCC_C_LANGUAGE_STANDARD = gnu99;
				GCC_NO_COMMON_BLOCKS = YES;
				GCC_WARN_64_TO_32_BIT_CONVERSION = YES;
				GCC_WARN_ABOUT_RETURN_TYPE = YES_ERROR;
				GCC_WARN_UNDECLARED_SELECTOR = YES;
				GCC_WARN_UNINITIALIZED_AUTOS = YES_AGGRESSIVE;
				GCC_WARN_UNUSED_FUNCTION = YES;
				GCC_WARN_UNUSED_VARIABLE = YES;
				IPHONEOS_DEPLOYMENT_TARGET = 10.3;
				MTL_ENABLE_DEBUG_INFO = NO;
				SDKROOT = iphoneos;
				SWIFT_OPTIMIZATION_LEVEL = "-Owholemodule";
				VALIDATE_PRODUCT = YES;
			};
			name = Release;
		};
		ECF8D9151ED817AA00E5D6E5 /* Debug */ = {
			isa = XCBuildConfiguration;
			buildSettings = {
				ASSETCATALOG_COMPILER_APPICON_NAME = AppIcon;
				DEVELOPMENT_TEAM = 4BADWEEE97;
				INFOPLIST_FILE = "protocol-oriented-mvvm/Info.plist";
				LD_RUNPATH_SEARCH_PATHS = "$(inherited) @executable_path/Frameworks";
				PRODUCT_BUNDLE_IDENTIFIER = "com.tangyuhua.com.protocol-oriented-mvvm";
				PRODUCT_NAME = "$(TARGET_NAME)";
				SWIFT_VERSION = 3.0;
			};
			name = Debug;
		};
		ECF8D9161ED817AA00E5D6E5 /* Release */ = {
			isa = XCBuildConfiguration;
			buildSettings = {
				ASSETCATALOG_COMPILER_APPICON_NAME = AppIcon;
				DEVELOPMENT_TEAM = 4BADWEEE97;
				INFOPLIST_FILE = "protocol-oriented-mvvm/Info.plist";
				LD_RUNPATH_SEARCH_PATHS = "$(inherited) @executable_path/Frameworks";
				PRODUCT_BUNDLE_IDENTIFIER = "com.tangyuhua.com.protocol-oriented-mvvm";
				PRODUCT_NAME = "$(TARGET_NAME)";
				SWIFT_VERSION = 3.0;
			};
			name = Release;
		};
		ECF8D9181ED817AA00E5D6E5 /* Debug */ = {
			isa = XCBuildConfiguration;
			buildSettings = {
				ALWAYS_EMBED_SWIFT_STANDARD_LIBRARIES = YES;
				BUNDLE_LOADER = "$(TEST_HOST)";
				DEVELOPMENT_TEAM = 4BADWEEE97;
				INFOPLIST_FILE = "protocol-oriented-mvvmTests/Info.plist";
				LD_RUNPATH_SEARCH_PATHS = "$(inherited) @executable_path/Frameworks @loader_path/Frameworks";
				PRODUCT_BUNDLE_IDENTIFIER = "com.tangyuhua.com.protocol-oriented-mvvmTests";
				PRODUCT_NAME = "$(TARGET_NAME)";
				SWIFT_VERSION = 3.0;
				TEST_HOST = "$(BUILT_PRODUCTS_DIR)/protocol-oriented-mvvm.app/protocol-oriented-mvvm";
			};
			name = Debug;
		};
		ECF8D9191ED817AA00E5D6E5 /* Release */ = {
			isa = XCBuildConfiguration;
			buildSettings = {
				ALWAYS_EMBED_SWIFT_STANDARD_LIBRARIES = YES;
				BUNDLE_LOADER = "$(TEST_HOST)";
				DEVELOPMENT_TEAM = 4BADWEEE97;
				INFOPLIST_FILE = "protocol-oriented-mvvmTests/Info.plist";
				LD_RUNPATH_SEARCH_PATHS = "$(inherited) @executable_path/Frameworks @loader_path/Frameworks";
				PRODUCT_BUNDLE_IDENTIFIER = "com.tangyuhua.com.protocol-oriented-mvvmTests";
				PRODUCT_NAME = "$(TARGET_NAME)";
				SWIFT_VERSION = 3.0;
				TEST_HOST = "$(BUILT_PRODUCTS_DIR)/protocol-oriented-mvvm.app/protocol-oriented-mvvm";
			};
			name = Release;
		};
		ECF8D91B1ED817AA00E5D6E5 /* Debug */ = {
			isa = XCBuildConfiguration;
			buildSettings = {
				ALWAYS_EMBED_SWIFT_STANDARD_LIBRARIES = YES;
				DEVELOPMENT_TEAM = 4BADWEEE97;
				INFOPLIST_FILE = "protocol-oriented-mvvmUITests/Info.plist";
				LD_RUNPATH_SEARCH_PATHS = "$(inherited) @executable_path/Frameworks @loader_path/Frameworks";
				PRODUCT_BUNDLE_IDENTIFIER = "com.tangyuhua.com.protocol-oriented-mvvmUITests";
				PRODUCT_NAME = "$(TARGET_NAME)";
				SWIFT_VERSION = 3.0;
				TEST_TARGET_NAME = "protocol-oriented-mvvm";
			};
			name = Debug;
		};
		ECF8D91C1ED817AA00E5D6E5 /* Release */ = {
			isa = XCBuildConfiguration;
			buildSettings = {
				ALWAYS_EMBED_SWIFT_STANDARD_LIBRARIES = YES;
				DEVELOPMENT_TEAM = 4BADWEEE97;
				INFOPLIST_FILE = "protocol-oriented-mvvmUITests/Info.plist";
				LD_RUNPATH_SEARCH_PATHS = "$(inherited) @executable_path/Frameworks @loader_path/Frameworks";
				PRODUCT_BUNDLE_IDENTIFIER = "com.tangyuhua.com.protocol-oriented-mvvmUITests";
				PRODUCT_NAME = "$(TARGET_NAME)";
				SWIFT_VERSION = 3.0;
				TEST_TARGET_NAME = "protocol-oriented-mvvm";
			};
			name = Release;
		};
/* End XCBuildConfiguration section */

/* Begin XCConfigurationList section */
		ECF8D8E71ED817A900E5D6E5 /* Build configuration list for PBXProject "protocol-oriented-mvvm" */ = {
			isa = XCConfigurationList;
			buildConfigurations = (
				ECF8D9121ED817AA00E5D6E5 /* Debug */,
				ECF8D9131ED817AA00E5D6E5 /* Release */,
			);
			defaultConfigurationIsVisible = 0;
			defaultConfigurationName = Release;
		};
		ECF8D9141ED817AA00E5D6E5 /* Build configuration list for PBXNativeTarget "protocol-oriented-mvvm" */ = {
			isa = XCConfigurationList;
			buildConfigurations = (
				ECF8D9151ED817AA00E5D6E5 /* Debug */,
				ECF8D9161ED817AA00E5D6E5 /* Release */,
			);
			defaultConfigurationIsVisible = 0;
		};
		ECF8D9171ED817AA00E5D6E5 /* Build configuration list for PBXNativeTarget "protocol-oriented-mvvmTests" */ = {
			isa = XCConfigurationList;
			buildConfigurations = (
				ECF8D9181ED817AA00E5D6E5 /* Debug */,
				ECF8D9191ED817AA00E5D6E5 /* Release */,
			);
			defaultConfigurationIsVisible = 0;
		};
		ECF8D91A1ED817AA00E5D6E5 /* Build configuration list for PBXNativeTarget "protocol-oriented-mvvmUITests" */ = {
			isa = XCConfigurationList;
			buildConfigurations = (
				ECF8D91B1ED817AA00E5D6E5 /* Debug */,
				ECF8D91C1ED817AA00E5D6E5 /* Release */,
			);
			defaultConfigurationIsVisible = 0;
		};
/* End XCConfigurationList section */
	};
	rootObject = ECF8D8E41ED817A900E5D6E5 /* Project object */;
}
